
Microsoft Visual Studio Solution File, Format Version 12.00
# Visual Studio 15
VisualStudioVersion = 15.0.26730.10
MinimumVisualStudioVersion = 10.0.40219.1
Project("{FAE04EC0-301F-11D3-BF4B-00C04F79EFBC}") = "KTreze.Dados", "KTreze.Dados\KTreze.Dados.csproj", "{4240452E-AC14-4140-970A-74EDCC95FF03}"
EndProject
Project("{FAE04EC0-301F-11D3-BF4B-00C04F79EFBC}") = "Ktreze.Web", "Ktreze.Web\Ktreze.Web.csproj", "{9066A3F5-B5C8-41D3-B2D2-2A99F21B697A}"
EndProject
Global
	GlobalSection(SolutionConfigurationPlatforms) = preSolution
		Debug|Any CPU = Debug|Any CPU
		Release|Any CPU = Release|Any CPU
	EndGlobalSection
	GlobalSection(ProjectConfigurationPlatforms) = postSolution
		{4240452E-AC14-4140-970A-74EDCC95FF03}.Debug|Any CPU.ActiveCfg = Debug|Any CPU
		{4240452E-AC14-4140-970A-74EDCC95FF03}.Debug|Any CPU.Build.0 = Debug|Any CPU
		{4240452E-AC14-4140-970A-74EDCC95FF03}.Release|Any CPU.ActiveCfg = Release|Any CPU
		{4240452E-AC14-4140-970A-74EDCC95FF03}.Release|Any CPU.Build.0 = Release|Any CPU
		{9066A3F5-B5C8-41D3-B2D2-2A99F21B697A}.Debug|Any CPU.ActiveCfg = Debug|Any CPU
		{9066A3F5-B5C8-41D3-B2D2-2A99F21B697A}.Debug|Any CPU.Build.0 = Debug|Any CPU
		{9066A3F5-B5C8-41D3-B2D2-2A99F21B697A}.Release|Any CPU.ActiveCfg = Release|Any CPU
		{9066A3F5-B5C8-41D3-B2D2-2A99F21B697A}.Release|Any CPU.Build.0 = Release|Any CPU
	EndGlobalSection
	GlobalSection(SolutionProperties) = preSolution
		HideSolutionNode = FALSE
	EndGlobalSection
	GlobalSection(ExtensibilityGlobals) = postSolution
		SolutionGuid = {54E359DB-F681-474D-8963-32CCC2858BA3}
	EndGlobalSection
EndGlobal
